# Which semantic-quorum this domain is built against. Written by scripts/sync-into.sh.
# Committed on purpose: it is the record of what a demo or a published figure was produced with.
wheel:  semantic_quorum-0.1.0-py3-none-any.whl
commit: 1e66c94a7e5b7234ce43e1e5757b24c15e95966a
state:  DIRTY — the platform tree had uncommitted changes
synced: 2026-09-06T15:29:27Z
